
Microsoft Visual Studio Solution File, Format Version 12.00
# Visual Studio Version 17
VisualStudioVersion = 17.3.32922.545
MinimumVisualStudioVersion = 10.0.40219.1
Project("{9A19103F-16F7-4668-BE54-9A1E7A4F7556}") = "GSR.Jsonic", "GSR.Jsonic\GSR.Jsonic.csproj", "{F7B961D5-B1F3-462A-A676-2E5CC3E3BE29}"
EndProject
Project("{9A19103F-16F7-4668-BE54-9A1E7A4F7556}") = "GSR.Tests.Jsonic", "GSR.Tests.Jsonic\GSR.Tests.Jsonic.csproj", "{4CE9A452-3CEB-4B9F-B6F3-0CFD60C8CAEA}"
EndProject
Global
	GlobalSection(SolutionConfigurationPlatforms) = preSolution
		Debug|Any CPU = Debug|Any CPU
		Release|Any CPU = Release|Any CPU
	EndGlobalSection
	GlobalSection(ProjectConfigurationPlatforms) = postSolution
		{F7B961D5-B1F3-462A-A676-2E5CC3E3BE29}.Debug|Any CPU.ActiveCfg = Debug|Any CPU
		{F7B961D5-B1F3-462A-A676-2E5CC3E3BE29}.Debug|Any CPU.Build.0 = Debug|Any CPU
		{F7B961D5-B1F3-462A-A676-2E5CC3E3BE29}.Release|Any CPU.ActiveCfg = Release|Any CPU
		{F7B961D5-B1F3-462A-A676-2E5CC3E3BE29}.Release|Any CPU.Build.0 = Release|Any CPU
		{4CE9A452-3CEB-4B9F-B6F3-0CFD60C8CAEA}.Debug|Any CPU.ActiveCfg = Debug|Any CPU
		{4CE9A452-3CEB-4B9F-B6F3-0CFD60C8CAEA}.Debug|Any CPU.Build.0 = Debug|Any CPU
		{4CE9A452-3CEB-4B9F-B6F3-0CFD60C8CAEA}.Release|Any CPU.ActiveCfg = Release|Any CPU
		{4CE9A452-3CEB-4B9F-B6F3-0CFD60C8CAEA}.Release|Any CPU.Build.0 = Release|Any CPU
	EndGlobalSection
	GlobalSection(SolutionProperties) = preSolution
		HideSolutionNode = FALSE
	EndGlobalSection
	GlobalSection(ExtensibilityGlobals) = postSolution
		SolutionGuid = {361884AB-E1FE-4F10-A9EC-E257B496891A}
	EndGlobalSection
EndGlobal
